
Microsoft Visual Studio Solution File, Format Version 12.00
# Visual Studio 15
VisualStudioVersion = 15.0.27130.2010
MinimumVisualStudioVersion = 10.0.40219.1
Project("{2150E333-8FDC-42A3-9474-1A3956D46DE8}") = "Solution Items", "Solution Items", "{954B80BE-3A67-4561-8108-B0A33F71DA25}"
	ProjectSection(SolutionItems) = preProject
		index.html = index.html
		LICENSE = LICENSE
		README.md = README.md
	EndProjectSection
EndProject
Project("{2150E333-8FDC-42A3-9474-1A3956D46DE8}") = "_includes", "_includes", "{F9C0CDE6-2BE6-4E1F-AE37-FCA7BF7E31CB}"
EndProject
Project("{2150E333-8FDC-42A3-9474-1A3956D46DE8}") = "_layouts", "_layouts", "{D073B8AB-BA1E-405D-BDFE-25AF45D5C1B6}"
EndProject
Project("{2150E333-8FDC-42A3-9474-1A3956D46DE8}") = "_posts", "_posts", "{5A2B7E5D-085D-4C5E-B748-762F753B5326}"
EndProject
Project("{2150E333-8FDC-42A3-9474-1A3956D46DE8}") = "assets", "assets", "{8920099D-B7DF-4B4C-BFBD-50A1E300EDE4}"
EndProject
Project("{2150E333-8FDC-42A3-9474-1A3956D46DE8}") = "css", "css", "{32394451-0F2D-40E4-9069-70B61915465F}"
EndProject
Project("{2150E333-8FDC-42A3-9474-1A3956D46DE8}") = "_drafts", "_drafts", "{95C7DF38-281E-4093-8753-983B00452DD9}"
EndProject
Global
	GlobalSection(SolutionProperties) = preSolution
		HideSolutionNode = FALSE
	EndGlobalSection
	GlobalSection(ExtensibilityGlobals) = postSolution
		SolutionGuid = {844574AB-2852-4ED4-84DC-826CF3887AC5}
	EndGlobalSection
EndGlobal
